
Microsoft Visual Studio Solution File, Format Version 12.00
# Visual Studio Version 17
VisualStudioVersion = 17.4.33403.182
MinimumVisualStudioVersion = 10.0.40219.1
Project("{FAE04EC0-301F-11D3-BF4B-00C04F79EFBC}") = "pet-store", "pet-store\pet-store.csproj", "{2E5FED67-5E22-4891-8DD7-86963F19CE8F}"
EndProject
Global
	GlobalSection(SolutionConfigurationPlatforms) = preSolution
		Debug|Any CPU = Debug|Any CPU
		Release|Any CPU = Release|Any CPU
	EndGlobalSection
	GlobalSection(ProjectConfigurationPlatforms) = postSolution
		{2E5FED67-5E22-4891-8DD7-86963F19CE8F}.Debug|Any CPU.ActiveCfg = Debug|Any CPU
		{2E5FED67-5E22-4891-8DD7-86963F19CE8F}.Debug|Any CPU.Build.0 = Debug|Any CPU
		{2E5FED67-5E22-4891-8DD7-86963F19CE8F}.Release|Any CPU.ActiveCfg = Release|Any CPU
		{2E5FED67-5E22-4891-8DD7-86963F19CE8F}.Release|Any CPU.Build.0 = Release|Any CPU
	EndGlobalSection
	GlobalSection(SolutionProperties) = preSolution
		HideSolutionNode = FALSE
	EndGlobalSection
	GlobalSection(ExtensibilityGlobals) = postSolution
		SolutionGuid = {14CBCFB3-54F0-4192-A94C-8EA30F7141C2}
	EndGlobalSection
EndGlobal
